
Microsoft Visual Studio Solution File, Format Version 12.00
# Visual Studio Version 16
VisualStudioVersion = 16.0.29025.244
MinimumVisualStudioVersion = 10.0.40219.1
Project("{888888A0-9F3D-457C-B088-3A5042F75D52}") = "django portfolio site", "django portfolio site.pyproj", "{38E869F9-3244-4A1B-A014-4A7055D2BBD0}"
EndProject
Global
	GlobalSection(SolutionConfigurationPlatforms) = preSolution
		Debug|Any CPU = Debug|Any CPU
		Release|Any CPU = Release|Any CPU
	EndGlobalSection
	GlobalSection(ProjectConfigurationPlatforms) = postSolution
		{38E869F9-3244-4A1B-A014-4A7055D2BBD0}.Debug|Any CPU.ActiveCfg = Debug|Any CPU
		{38E869F9-3244-4A1B-A014-4A7055D2BBD0}.Debug|Any CPU.Build.0 = Debug|Any CPU
		{38E869F9-3244-4A1B-A014-4A7055D2BBD0}.Release|Any CPU.ActiveCfg = Release|Any CPU
		{38E869F9-3244-4A1B-A014-4A7055D2BBD0}.Release|Any CPU.Build.0 = Release|Any CPU
	EndGlobalSection
	GlobalSection(SolutionProperties) = preSolution
		HideSolutionNode = FALSE
	EndGlobalSection
	GlobalSection(ExtensibilityGlobals) = postSolution
		SolutionGuid = {D058944F-962B-459C-B5BC-3D57E30A5EF5}
	EndGlobalSection
EndGlobal
